// !$*UTF8*$!
{
	archiveVersion = 1;
	classes = {
	};
	objectVersion = 56;
	objects = {

/* Begin PBXBuildFile section */
		F0BAB0BD2BA8CB2B007274A5 /* CardActionButtonView.swift in Sources */ = {isa = PBXBuildFile; fileRef = F0BAB0BC2BA8CB2A007274A5 /* CardActionButtonView.swift */; };
		F0BAB0C12BA90961007274A5 /* SwipeActionButtonType.swift in Sources */ = {isa = PBXBuildFile; fileRef = F0BAB0C02BA90961007274A5 /* SwipeActionButtonType.swift */; };
		F0BAB0C42BA90CCC007274A5 /* UserProfileView.swift in Sources */ = {isa = PBXBuildFile; fileRef = F0BAB0C32BA90CCC007274A5 /* UserProfileView.swift */; };
		F0BAB0C62BAA45B2007274A5 /* CardImagesView.swift in Sources */ = {isa = PBXBuildFile; fileRef = F0BAB0C52BAA45B2007274A5 /* CardImagesView.swift */; };
		F0BAB0C82BAAA205007274A5 /* Modifiers.swift in Sources */ = {isa = PBXBuildFile; fileRef = F0BAB0C72BAAA205007274A5 /* Modifiers.swift */; };
		F0BAB0CC2BAAA323007274A5 /* CurrentUserProfile.swift in Sources */ = {isa = PBXBuildFile; fileRef = F0BAB0CB2BAAA323007274A5 /* CurrentUserProfile.swift */; };
		F0BAB0CE2BAAA33E007274A5 /* CurrentUserHeaderView.swift in Sources */ = {isa = PBXBuildFile; fileRef = F0BAB0CD2BAAA33E007274A5 /* CurrentUserHeaderView.swift */; };
		F0BAB0D12BAAA6A6007274A5 /* EditProfileView.swift in Sources */ = {isa = PBXBuildFile; fileRef = F0BAB0D02BAAA6A6007274A5 /* EditProfileView.swift */; };
		F0BAB0D32BAAA867007274A5 /* ProfileImageGridView.swift in Sources */ = {isa = PBXBuildFile; fileRef = F0BAB0D22BAAA867007274A5 /* ProfileImageGridView.swift */; };
		F0D5A15F2BA0D43900F03105 /* TinderCloneApp.swift in Sources */ = {isa = PBXBuildFile; fileRef = F0D5A15E2BA0D43900F03105 /* TinderCloneApp.swift */; };
		F0D5A1632BA0D43A00F03105 /* Assets.xcassets in Resources */ = {isa = PBXBuildFile; fileRef = F0D5A1622BA0D43A00F03105 /* Assets.xcassets */; };
		F0D5A1662BA0D43A00F03105 /* Preview Assets.xcassets in Resources */ = {isa = PBXBuildFile; fileRef = F0D5A1652BA0D43A00F03105 /* Preview Assets.xcassets */; };
		F0D5A17D2BA0D51100F03105 /* CardView.swift in Sources */ = {isa = PBXBuildFile; fileRef = F0D5A17C2BA0D51100F03105 /* CardView.swift */; };
		F0D5A17F2BA0D51F00F03105 /* UserInfoView.swift in Sources */ = {isa = PBXBuildFile; fileRef = F0D5A17E2BA0D51F00F03105 /* UserInfoView.swift */; };
		F0D5A1812BA3CC4000F03105 /* SwipeActionIndicatorView.swift in Sources */ = {isa = PBXBuildFile; fileRef = F0D5A1802BA3CC4000F03105 /* SwipeActionIndicatorView.swift */; };
		F0D5A1832BA3CDF300F03105 /* SizeConstants.swift in Sources */ = {isa = PBXBuildFile; fileRef = F0D5A1822BA3CDF300F03105 /* SizeConstants.swift */; };
		F0D5A1852BA4F0A700F03105 /* CardViewModel.swift in Sources */ = {isa = PBXBuildFile; fileRef = F0D5A1842BA4F0A700F03105 /* CardViewModel.swift */; };
		F0D5A1872BA4F1FF00F03105 /* CardImageButtonOverlay.swift in Sources */ = {isa = PBXBuildFile; fileRef = F0D5A1862BA4F1FF00F03105 /* CardImageButtonOverlay.swift */; };
		F0D5A1892BA65F2700F03105 /* CardImageIndicatorView.swift in Sources */ = {isa = PBXBuildFile; fileRef = F0D5A1882BA65F2700F03105 /* CardImageIndicatorView.swift */; };
		F0D5A18B2BA6669A00F03105 /* CardStackView.swift in Sources */ = {isa = PBXBuildFile; fileRef = F0D5A18A2BA6669A00F03105 /* CardStackView.swift */; };
		F0D5A18E2BA66B4600F03105 /* UserModel.swift in Sources */ = {isa = PBXBuildFile; fileRef = F0D5A18D2BA66B4600F03105 /* UserModel.swift */; };
		F0D5A1922BA66BD900F03105 /* UserService.swift in Sources */ = {isa = PBXBuildFile; fileRef = F0D5A1912BA66BD900F03105 /* UserService.swift */; };
		F0D5A1952BA68A2500F03105 /* UserViewModel.swift in Sources */ = {isa = PBXBuildFile; fileRef = F0D5A1942BA68A2500F03105 /* UserViewModel.swift */; };
		F0D5A1972BA68DA700F03105 /* MainTabView.swift in Sources */ = {isa = PBXBuildFile; fileRef = F0D5A1962BA68DA700F03105 /* MainTabView.swift */; };
/* End PBXBuildFile section */

/* Begin PBXFileReference section */
		F0BAB0BC2BA8CB2A007274A5 /* CardActionButtonView.swift */ = {isa = PBXFileReference; lastKnownFileType = sourcecode.swift; path = CardActionButtonView.swift; sourceTree = "<group>"; };
		F0BAB0C02BA90961007274A5 /* SwipeActionButtonType.swift */ = {isa = PBXFileReference; lastKnownFileType = sourcecode.swift; path = SwipeActionButtonType.swift; sourceTree = "<group>"; };
		F0BAB0C32BA90CCC007274A5 /* UserProfileView.swift */ = {isa = PBXFileReference; lastKnownFileType = sourcecode.swift; path = UserProfileView.swift; sourceTree = "<group>"; };
		F0BAB0C52BAA45B2007274A5 /* CardImagesView.swift */ = {isa = PBXFileReference; lastKnownFileType = sourcecode.swift; path = CardImagesView.swift; sourceTree = "<group>"; };
		F0BAB0C72BAAA205007274A5 /* Modifiers.swift */ = {isa = PBXFileReference; lastKnownFileType = sourcecode.swift; path = Modifiers.swift; sourceTree = "<group>"; };
		F0BAB0CB2BAAA323007274A5 /* CurrentUserProfile.swift */ = {isa = PBXFileReference; lastKnownFileType = sourcecode.swift; path = CurrentUserProfile.swift; sourceTree = "<group>"; };
		F0BAB0CD2BAAA33E007274A5 /* CurrentUserHeaderView.swift */ = {isa = PBXFileReference; lastKnownFileType = sourcecode.swift; path = CurrentUserHeaderView.swift; sourceTree = "<group>"; };
		F0BAB0D02BAAA6A6007274A5 /* EditProfileView.swift */ = {isa = PBXFileReference; lastKnownFileType = sourcecode.swift; path = EditProfileView.swift; sourceTree = "<group>"; };
		F0BAB0D22BAAA867007274A5 /* ProfileImageGridView.swift */ = {isa = PBXFileReference; lastKnownFileType = sourcecode.swift; path = ProfileImageGridView.swift; sourceTree = "<group>"; };
		F0D5A15B2BA0D43900F03105 /* TinderClone.app */ = {isa = PBXFileReference; explicitFileType = wrapper.application; includeInIndex = 0; path = TinderClone.app; sourceTree = BUILT_PRODUCTS_DIR; };
		F0D5A15E2BA0D43900F03105 /* TinderCloneApp.swift */ = {isa = PBXFileReference; lastKnownFileType = sourcecode.swift; path = TinderCloneApp.swift; sourceTree = "<group>"; };
		F0D5A1622BA0D43A00F03105 /* Assets.xcassets */ = {isa = PBXFileReference; lastKnownFileType = folder.assetcatalog; path = Assets.xcassets; sourceTree = "<group>"; };
		F0D5A1652BA0D43A00F03105 /* Preview Assets.xcassets */ = {isa = PBXFileReference; lastKnownFileType = folder.assetcatalog; path = "Preview Assets.xcassets"; sourceTree = "<group>"; };
		F0D5A17C2BA0D51100F03105 /* CardView.swift */ = {isa = PBXFileReference; lastKnownFileType = sourcecode.swift; path = CardView.swift; sourceTree = "<group>"; };
		F0D5A17E2BA0D51F00F03105 /* UserInfoView.swift */ = {isa = PBXFileReference; lastKnownFileType = sourcecode.swift; path = UserInfoView.swift; sourceTree = "<group>"; };
		F0D5A1802BA3CC4000F03105 /* SwipeActionIndicatorView.swift */ = {isa = PBXFileReference; lastKnownFileType = sourcecode.swift; path = SwipeActionIndicatorView.swift; sourceTree = "<group>"; };
		F0D5A1822BA3CDF300F03105 /* SizeConstants.swift */ = {isa = PBXFileReference; lastKnownFileType = sourcecode.swift; path = SizeConstants.swift; sourceTree = "<group>"; };
		F0D5A1842BA4F0A700F03105 /* CardViewModel.swift */ = {isa = PBXFileReference; lastKnownFileType = sourcecode.swift; path = CardViewModel.swift; sourceTree = "<group>"; };
		F0D5A1862BA4F1FF00F03105 /* CardImageButtonOverlay.swift */ = {isa = PBXFileReference; lastKnownFileType = sourcecode.swift; path = CardImageButtonOverlay.swift; sourceTree = "<group>"; };
		F0D5A1882BA65F2700F03105 /* CardImageIndicatorView.swift */ = {isa = PBXFileReference; lastKnownFileType = sourcecode.swift; path = CardImageIndicatorView.swift; sourceTree = "<group>"; };
		F0D5A18A2BA6669A00F03105 /* CardStackView.swift */ = {isa = PBXFileReference; lastKnownFileType = sourcecode.swift; path = CardStackView.swift; sourceTree = "<group>"; };
		F0D5A18D2BA66B4600F03105 /* UserModel.swift */ = {isa = PBXFileReference; lastKnownFileType = sourcecode.swift; path = UserModel.swift; sourceTree = "<group>"; };
		F0D5A1912BA66BD900F03105 /* UserService.swift */ = {isa = PBXFileReference; lastKnownFileType = sourcecode.swift; path = UserService.swift; sourceTree = "<group>"; };
		F0D5A1942BA68A2500F03105 /* UserViewModel.swift */ = {isa = PBXFileReference; lastKnownFileType = sourcecode.swift; path = UserViewModel.swift; sourceTree = "<group>"; };
		F0D5A1962BA68DA700F03105 /* MainTabView.swift */ = {isa = PBXFileReference; lastKnownFileType = sourcecode.swift; path = MainTabView.swift; sourceTree = "<group>"; };
/* End PBXFileReference section */

/* Begin PBXFrameworksBuildPhase section */
		F0D5A1582BA0D43900F03105 /* Frameworks */ = {
			isa = PBXFrameworksBuildPhase;
			buildActionMask = 2147483647;
			files = (
			);
			runOnlyForDeploymentPostprocessing = 0;
		};
/* End PBXFrameworksBuildPhase section */

/* Begin PBXGroup section */
		F0BAB0C22BA90A6E007274A5 /* SubViews */ = {
			isa = PBXGroup;
			children = (
				F0BAB0C52BAA45B2007274A5 /* CardImagesView.swift */,
				F0D5A1862BA4F1FF00F03105 /* CardImageButtonOverlay.swift */,
				F0D5A1882BA65F2700F03105 /* CardImageIndicatorView.swift */,
				F0D5A1802BA3CC4000F03105 /* SwipeActionIndicatorView.swift */,
				F0D5A17E2BA0D51F00F03105 /* UserInfoView.swift */,
				F0BAB0BC2BA8CB2A007274A5 /* CardActionButtonView.swift */,
			);
			path = SubViews;
			sourceTree = "<group>";
		};
		F0BAB0C92BAAA307007274A5 /* UserProfile */ = {
			isa = PBXGroup;
			children = (
				F0BAB0C32BA90CCC007274A5 /* UserProfileView.swift */,
			);
			path = UserProfile;
			sourceTree = "<group>";
		};
		F0BAB0CA2BAAA310007274A5 /* CurrentUserProfile */ = {
			isa = PBXGroup;
			children = (
				F0BAB0CB2BAAA323007274A5 /* CurrentUserProfile.swift */,
				F0BAB0CD2BAAA33E007274A5 /* CurrentUserHeaderView.swift */,
			);
			path = CurrentUserProfile;
			sourceTree = "<group>";
		};
		F0BAB0CF2BAAA698007274A5 /* EditProfile */ = {
			isa = PBXGroup;
			children = (
				F0BAB0D02BAAA6A6007274A5 /* EditProfileView.swift */,
				F0BAB0D22BAAA867007274A5 /* ProfileImageGridView.swift */,
			);
			path = EditProfile;
			sourceTree = "<group>";
		};
		F0D5A1522BA0D43900F03105 = {
			isa = PBXGroup;
			children = (
				F0D5A15D2BA0D43900F03105 /* TinderClone */,
				F0D5A15C2BA0D43900F03105 /* Products */,
			);
			sourceTree = "<group>";
		};
		F0D5A15C2BA0D43900F03105 /* Products */ = {
			isa = PBXGroup;
			children = (
				F0D5A15B2BA0D43900F03105 /* TinderClone.app */,
			);
			name = Products;
			sourceTree = "<group>";
		};
		F0D5A15D2BA0D43900F03105 /* TinderClone */ = {
			isa = PBXGroup;
			children = (
				F0D5A16D2BA0D48E00F03105 /* App */,
				F0D5A16C2BA0D48600F03105 /* Core */,
				F0D5A1782BA0D4E000F03105 /* Extensions */,
				F0D5A1792BA0D4EA00F03105 /* Shared */,
				F0D5A17A2BA0D4EF00F03105 /* Utils */,
				F0D5A1622BA0D43A00F03105 /* Assets.xcassets */,
				F0D5A1642BA0D43A00F03105 /* Preview Content */,
			);
			path = TinderClone;
			sourceTree = "<group>";
		};
		F0D5A1642BA0D43A00F03105 /* Preview Content */ = {
			isa = PBXGroup;
			children = (
				F0D5A1652BA0D43A00F03105 /* Preview Assets.xcassets */,
			);
			path = "Preview Content";
			sourceTree = "<group>";
		};
		F0D5A16C2BA0D48600F03105 /* Core */ = {
			isa = PBXGroup;
			children = (
				F0D5A1772BA0D4BF00F03105 /* Cards */,
				F0D5A1762BA0D4BD00F03105 /* Messaging */,
				F0D5A1752BA0D4BA00F03105 /* Profile */,
				F0D5A1742BA0D4B800F03105 /* Search */,
				F0D5A16E2BA0D49900F03105 /* TabBar */,
			);
			path = Core;
			sourceTree = "<group>";
		};
		F0D5A16D2BA0D48E00F03105 /* App */ = {
			isa = PBXGroup;
			children = (
				F0D5A15E2BA0D43900F03105 /* TinderCloneApp.swift */,
			);
			path = App;
			sourceTree = "<group>";
		};
		F0D5A16E2BA0D49900F03105 /* TabBar */ = {
			isa = PBXGroup;
			children = (
				F0D5A1962BA68DA700F03105 /* MainTabView.swift */,
			);
			path = TabBar;
			sourceTree = "<group>";
		};
		F0D5A1742BA0D4B800F03105 /* Search */ = {
			isa = PBXGroup;
			children = (
			);
			path = Search;
			sourceTree = "<group>";
		};
		F0D5A1752BA0D4BA00F03105 /* Profile */ = {
			isa = PBXGroup;
			children = (
				F0BAB0CA2BAAA310007274A5 /* CurrentUserProfile */,
				F0BAB0CF2BAAA698007274A5 /* EditProfile */,
				F0BAB0C92BAAA307007274A5 /* UserProfile */,
			);
			path = Profile;
			sourceTree = "<group>";
		};
		F0D5A1762BA0D4BD00F03105 /* Messaging */ = {
			isa = PBXGroup;
			children = (
			);
			path = Messaging;
			sourceTree = "<group>";
		};
		F0D5A1772BA0D4BF00F03105 /* Cards */ = {
			isa = PBXGroup;
			children = (
				F0D5A1932BA68A1A00F03105 /* ViewModel */,
				F0D5A17B2BA0D50600F03105 /* Views */,
				F0D5A18F2BA66BC900F03105 /* Service */,
				F0D5A18C2BA66B3100F03105 /* Model */,
			);
			path = Cards;
			sourceTree = "<group>";
		};
		F0D5A1782BA0D4E000F03105 /* Extensions */ = {
			isa = PBXGroup;
			children = (
				F0BAB0C72BAAA205007274A5 /* Modifiers.swift */,
			);
			path = Extensions;
			sourceTree = "<group>";
		};
		F0D5A1792BA0D4EA00F03105 /* Shared */ = {
			isa = PBXGroup;
			children = (
			);
			path = Shared;
			sourceTree = "<group>";
		};
		F0D5A17A2BA0D4EF00F03105 /* Utils */ = {
			isa = PBXGroup;
			children = (
				F0D5A1822BA3CDF300F03105 /* SizeConstants.swift */,
			);
			path = Utils;
			sourceTree = "<group>";
		};
		F0D5A17B2BA0D50600F03105 /* Views */ = {
			isa = PBXGroup;
			children = (
				F0D5A18A2BA6669A00F03105 /* CardStackView.swift */,
				F0D5A17C2BA0D51100F03105 /* CardView.swift */,
				F0BAB0C22BA90A6E007274A5 /* SubViews */,
			);
			path = Views;
			sourceTree = "<group>";
		};
		F0D5A18C2BA66B3100F03105 /* Model */ = {
			isa = PBXGroup;
			children = (
				F0D5A18D2BA66B4600F03105 /* UserModel.swift */,
				F0BAB0C02BA90961007274A5 /* SwipeActionButtonType.swift */,
			);
			path = Model;
			sourceTree = "<group>";
		};
		F0D5A18F2BA66BC900F03105 /* Service */ = {
			isa = PBXGroup;
			children = (
				F0D5A1912BA66BD900F03105 /* UserService.swift */,
			);
			path = Service;
			sourceTree = "<group>";
		};
		F0D5A1932BA68A1A00F03105 /* ViewModel */ = {
			isa = PBXGroup;
			children = (
				F0D5A1942BA68A2500F03105 /* UserViewModel.swift */,
				F0D5A1842BA4F0A700F03105 /* CardViewModel.swift */,
			);
			path = ViewModel;
			sourceTree = "<group>";
		};
/* End PBXGroup section */

/* Begin PBXNativeTarget section */
		F0D5A15A2BA0D43900F03105 /* TinderClone */ = {
			isa = PBXNativeTarget;
			buildConfigurationList = F0D5A1692BA0D43A00F03105 /* Build configuration list for PBXNativeTarget "TinderClone" */;
			buildPhases = (
				F0D5A1572BA0D43900F03105 /* Sources */,
				F0D5A1582BA0D43900F03105 /* Frameworks */,
				F0D5A1592BA0D43900F03105 /* Resources */,
			);
			buildRules = (
			);
			dependencies = (
			);
			name = TinderClone;
			productName = TinderClone;
			productReference = F0D5A15B2BA0D43900F03105 /* TinderClone.app */;
			productType = "com.apple.product-type.application";
		};
/* End PBXNativeTarget section */

/* Begin PBXProject section */
		F0D5A1532BA0D43900F03105 /* Project object */ = {
			isa = PBXProject;
			attributes = {
				BuildIndependentTargetsInParallel = 1;
				LastSwiftUpdateCheck = 1520;
				LastUpgradeCheck = 1520;
				TargetAttributes = {
					F0D5A15A2BA0D43900F03105 = {
						CreatedOnToolsVersion = 15.2;
					};
				};
			};
			buildConfigurationList = F0D5A1562BA0D43900F03105 /* Build configuration list for PBXProject "TinderClone" */;
			compatibilityVersion = "Xcode 14.0";
			developmentRegion = en;
			hasScannedForEncodings = 0;
			knownRegions = (
				en,
				Base,
			);
			mainGroup = F0D5A1522BA0D43900F03105;
			productRefGroup = F0D5A15C2BA0D43900F03105 /* Products */;
			projectDirPath = "";
			projectRoot = "";
			targets = (
				F0D5A15A2BA0D43900F03105 /* TinderClone */,
			);
		};
/* End PBXProject section */

/* Begin PBXResourcesBuildPhase section */
		F0D5A1592BA0D43900F03105 /* Resources */ = {
			isa = PBXResourcesBuildPhase;
			buildActionMask = 2147483647;
			files = (
				F0D5A1662BA0D43A00F03105 /* Preview Assets.xcassets in Resources */,
				F0D5A1632BA0D43A00F03105 /* Assets.xcassets in Resources */,
			);
			runOnlyForDeploymentPostprocessing = 0;
		};
/* End PBXResourcesBuildPhase section */

/* Begin PBXSourcesBuildPhase section */
		F0D5A1572BA0D43900F03105 /* Sources */ = {
			isa = PBXSourcesBuildPhase;
			buildActionMask = 2147483647;
			files = (
				F0BAB0D12BAAA6A6007274A5 /* EditProfileView.swift in Sources */,
				F0D5A18E2BA66B4600F03105 /* UserModel.swift in Sources */,
				F0BAB0C62BAA45B2007274A5 /* CardImagesView.swift in Sources */,
				F0D5A17D2BA0D51100F03105 /* CardView.swift in Sources */,
				F0D5A1872BA4F1FF00F03105 /* CardImageButtonOverlay.swift in Sources */,
				F0BAB0CE2BAAA33E007274A5 /* CurrentUserHeaderView.swift in Sources */,
				F0D5A1812BA3CC4000F03105 /* SwipeActionIndicatorView.swift in Sources */,
				F0BAB0BD2BA8CB2B007274A5 /* CardActionButtonView.swift in Sources */,
				F0D5A1892BA65F2700F03105 /* CardImageIndicatorView.swift in Sources */,
				F0D5A18B2BA6669A00F03105 /* CardStackView.swift in Sources */,
				F0BAB0C12BA90961007274A5 /* SwipeActionButtonType.swift in Sources */,
				F0D5A15F2BA0D43900F03105 /* TinderCloneApp.swift in Sources */,
				F0D5A1972BA68DA700F03105 /* MainTabView.swift in Sources */,
				F0D5A1922BA66BD900F03105 /* UserService.swift in Sources */,
				F0BAB0D32BAAA867007274A5 /* ProfileImageGridView.swift in Sources */,
				F0BAB0C42BA90CCC007274A5 /* UserProfileView.swift in Sources */,
				F0D5A1952BA68A2500F03105 /* UserViewModel.swift in Sources */,
				F0D5A17F2BA0D51F00F03105 /* UserInfoView.swift in Sources */,
				F0BAB0CC2BAAA323007274A5 /* CurrentUserProfile.swift in Sources */,
				F0D5A1832BA3CDF300F03105 /* SizeConstants.swift in Sources */,
				F0BAB0C82BAAA205007274A5 /* Modifiers.swift in Sources */,
				F0D5A1852BA4F0A700F03105 /* CardViewModel.swift in Sources */,
			);
			runOnlyForDeploymentPostprocessing = 0;
		};
/* End PBXSourcesBuildPhase section */

/* Begin XCBuildConfiguration section */
		F0D5A1672BA0D43A00F03105 /* Debug */ = {
			isa = XCBuildConfiguration;
			buildSettings = {
				ALWAYS_SEARCH_USER_PATHS = NO;
				ASSETCATALOG_COMPILER_GENERATE_SWIFT_ASSET_SYMBOL_EXTENSIONS = YES;
				CLANG_ANALYZER_NONNULL = YES;
				CLANG_ANALYZER_NUMBER_OBJECT_CONVERSION = YES_AGGRESSIVE;
				CLANG_CXX_LANGUAGE_STANDARD = "gnu++20";
				CLANG_ENABLE_MODULES = YES;
				CLANG_ENABLE_OBJC_ARC = YES;
				CLANG_ENABLE_OBJC_WEAK = YES;
				CLANG_WARN_BLOCK_CAPTURE_AUTORELEASING = YES;
				CLANG_WARN_BOOL_CONVERSION = YES;
				CLANG_WARN_COMMA = YES;
				CLANG_WARN_CONSTANT_CONVERSION = YES;
				CLANG_WARN_DEPRECATED_OBJC_IMPLEMENTATIONS = YES;
				CLANG_WARN_DIRECT_OBJC_ISA_USAGE = YES_ERROR;
				CLANG_WARN_DOCUMENTATION_COMMENTS = YES;
				CLANG_WARN_EMPTY_BODY = YES;
				CLANG_WARN_ENUM_CONVERSION = YES;
				CLANG_WARN_INFINITE_RECURSION = YES;
				CLANG_WARN_INT_CONVERSION = YES;
				CLANG_WARN_NON_LITERAL_NULL_CONVERSION = YES;
				CLANG_WARN_OBJC_IMPLICIT_RETAIN_SELF = YES;
				CLANG_WARN_OBJC_LITERAL_CONVERSION = YES;
				CLANG_WARN_OBJC_ROOT_CLASS = YES_ERROR;
				CLANG_WARN_QUOTED_INCLUDE_IN_FRAMEWORK_HEADER = YES;
				CLANG_WARN_RANGE_LOOP_ANALYSIS = YES;
				CLANG_WARN_STRICT_PROTOTYPES = YES;
				CLANG_WARN_SUSPICIOUS_MOVE = YES;
				CLANG_WARN_UNGUARDED_AVAILABILITY = YES_AGGRESSIVE;
				CLANG_WARN_UNREACHABLE_CODE = YES;
				CLANG_WARN__DUPLICATE_METHOD_MATCH = YES;
				COPY_PHASE_STRIP = NO;
				DEBUG_INFORMATION_FORMAT = dwarf;
				ENABLE_STRICT_OBJC_MSGSEND = YES;
				ENABLE_TESTABILITY = YES;
				ENABLE_USER_SCRIPT_SANDBOXING = YES;
				GCC_C_LANGUAGE_STANDARD = gnu17;
				GCC_DYNAMIC_NO_PIC = NO;
				GCC_NO_COMMON_BLOCKS = YES;
				GCC_OPTIMIZATION_LEVEL = 0;
				GCC_PREPROCESSOR_DEFINITIONS = (
					"DEBUG=1",
					"$(inherited)",
				);
				GCC_WARN_64_TO_32_BIT_CONVERSION = YES;
				GCC_WARN_ABOUT_RETURN_TYPE = YES_ERROR;
				GCC_WARN_UNDECLARED_SELECTOR = YES;
				GCC_WARN_UNINITIALIZED_AUTOS = YES_AGGRESSIVE;
				GCC_WARN_UNUSED_FUNCTION = YES;
				GCC_WARN_UNUSED_VARIABLE = YES;
				IPHONEOS_DEPLOYMENT_TARGET = 17.2;
				LOCALIZATION_PREFERS_STRING_CATALOGS = YES;
				MTL_ENABLE_DEBUG_INFO = INCLUDE_SOURCE;
				MTL_FAST_MATH = YES;
				ONLY_ACTIVE_ARCH = YES;
				SDKROOT = iphoneos;
				SWIFT_ACTIVE_COMPILATION_CONDITIONS = "DEBUG $(inherited)";
				SWIFT_OPTIMIZATION_LEVEL = "-Onone";
			};
			name = Debug;
		};
		F0D5A1682BA0D43A00F03105 /* Release */ = {
			isa = XCBuildConfiguration;
			buildSettings = {
				ALWAYS_SEARCH_USER_PATHS = NO;
				ASSETCATALOG_COMPILER_GENERATE_SWIFT_ASSET_SYMBOL_EXTENSIONS = YES;
				CLANG_ANALYZER_NONNULL = YES;
				CLANG_ANALYZER_NUMBER_OBJECT_CONVERSION = YES_AGGRESSIVE;
				CLANG_CXX_LANGUAGE_STANDARD = "gnu++20";
				CLANG_ENABLE_MODULES = YES;
				CLANG_ENABLE_OBJC_ARC = YES;
				CLANG_ENABLE_OBJC_WEAK = YES;
				CLANG_WARN_BLOCK_CAPTURE_AUTORELEASING = YES;
				CLANG_WARN_BOOL_CONVERSION = YES;
				CLANG_WARN_COMMA = YES;
				CLANG_WARN_CONSTANT_CONVERSION = YES;
				CLANG_WARN_DEPRECATED_OBJC_IMPLEMENTATIONS = YES;
				CLANG_WARN_DIRECT_OBJC_ISA_USAGE = YES_ERROR;
				CLANG_WARN_DOCUMENTATION_COMMENTS = YES;
				CLANG_WARN_EMPTY_BODY = YES;
				CLANG_WARN_ENUM_CONVERSION = YES;
				CLANG_WARN_INFINITE_RECURSION = YES;
				CLANG_WARN_INT_CONVERSION = YES;
				CLANG_WARN_NON_LITERAL_NULL_CONVERSION = YES;
				CLANG_WARN_OBJC_IMPLICIT_RETAIN_SELF = YES;
				CLANG_WARN_OBJC_LITERAL_CONVERSION = YES;
				CLANG_WARN_OBJC_ROOT_CLASS = YES_ERROR;
				CLANG_WARN_QUOTED_INCLUDE_IN_FRAMEWORK_HEADER = YES;
				CLANG_WARN_RANGE_LOOP_ANALYSIS = YES;
				CLANG_WARN_STRICT_PROTOTYPES = YES;
				CLANG_WARN_SUSPICIOUS_MOVE = YES;
				CLANG_WARN_UNGUARDED_AVAILABILITY = YES_AGGRESSIVE;
				CLANG_WARN_UNREACHABLE_CODE = YES;
				CLANG_WARN__DUPLICATE_METHOD_MATCH = YES;
				COPY_PHASE_STRIP = NO;
				DEBUG_INFORMATION_FORMAT = "dwarf-with-dsym";
				ENABLE_NS_ASSERTIONS = NO;
				ENABLE_STRICT_OBJC_MSGSEND = YES;
				ENABLE_USER_SCRIPT_SANDBOXING = YES;
				GCC_C_LANGUAGE_STANDARD = gnu17;
				GCC_NO_COMMON_BLOCKS = YES;
				GCC_WARN_64_TO_32_BIT_CONVERSION = YES;
				GCC_WARN_ABOUT_RETURN_TYPE = YES_ERROR;
				GCC_WARN_UNDECLARED_SELECTOR = YES;
				GCC_WARN_UNINITIALIZED_AUTOS = YES_AGGRESSIVE;
				GCC_WARN_UNUSED_FUNCTION = YES;
				GCC_WARN_UNUSED_VARIABLE = YES;
				IPHONEOS_DEPLOYMENT_TARGET = 17.2;
				LOCALIZATION_PREFERS_STRING_CATALOGS = YES;
				MTL_ENABLE_DEBUG_INFO = NO;
				MTL_FAST_MATH = YES;
				SDKROOT = iphoneos;
				SWIFT_COMPILATION_MODE = wholemodule;
				VALIDATE_PRODUCT = YES;
			};
			name = Release;
		};
		F0D5A16A2BA0D43A00F03105 /* Debug */ = {
			isa = XCBuildConfiguration;
			buildSettings = {
				ASSETCATALOG_COMPILER_APPICON_NAME = AppIcon;
				ASSETCATALOG_COMPILER_GLOBAL_ACCENT_COLOR_NAME = AccentColor;
				CODE_SIGN_STYLE = Automatic;
				CURRENT_PROJECT_VERSION = 1;
				DEVELOPMENT_ASSET_PATHS = "\"TinderClone/Preview Content\"";
				DEVELOPMENT_TEAM = 4J25GM6FG4;
				ENABLE_PREVIEWS = YES;
				GENERATE_INFOPLIST_FILE = YES;
				INFOPLIST_KEY_UIApplicationSceneManifest_Generation = YES;
				INFOPLIST_KEY_UIApplicationSupportsIndirectInputEvents = YES;
				INFOPLIST_KEY_UILaunchScreen_Generation = YES;
				INFOPLIST_KEY_UISupportedInterfaceOrientations_iPad = "UIInterfaceOrientationPortrait UIInterfaceOrientationPortraitUpsideDown UIInterfaceOrientationLandscapeLeft UIInterfaceOrientationLandscapeRight";
				INFOPLIST_KEY_UISupportedInterfaceOrientations_iPhone = "UIInterfaceOrientationPortrait UIInterfaceOrientationLandscapeLeft UIInterfaceOrientationLandscapeRight";
				LD_RUNPATH_SEARCH_PATHS = (
					"$(inherited)",
					"@executable_path/Frameworks",
				);
				MARKETING_VERSION = 1.0;
				PRODUCT_BUNDLE_IDENTIFIER = ozgunaksoy.TinderClone;
				PRODUCT_NAME = "$(TARGET_NAME)";
				SWIFT_EMIT_LOC_STRINGS = YES;
				SWIFT_VERSION = 5.0;
				TARGETED_DEVICE_FAMILY = "1,2";
			};
			name = Debug;
		};
		F0D5A16B2BA0D43A00F03105 /* Release */ = {
			isa = XCBuildConfiguration;
			buildSettings = {
				ASSETCATALOG_COMPILER_APPICON_NAME = AppIcon;
				ASSETCATALOG_COMPILER_GLOBAL_ACCENT_COLOR_NAME = AccentColor;
				CODE_SIGN_STYLE = Automatic;
				CURRENT_PROJECT_VERSION = 1;
				DEVELOPMENT_ASSET_PATHS = "\"TinderClone/Preview Content\"";
				DEVELOPMENT_TEAM = 4J25GM6FG4;
				ENABLE_PREVIEWS = YES;
				GENERATE_INFOPLIST_FILE = YES;
				INFOPLIST_KEY_UIApplicationSceneManifest_Generation = YES;
				INFOPLIST_KEY_UIApplicationSupportsIndirectInputEvents = YES;
				INFOPLIST_KEY_UILaunchScreen_Generation = YES;
				INFOPLIST_KEY_UISupportedInterfaceOrientations_iPad = "UIInterfaceOrientationPortrait UIInterfaceOrientationPortraitUpsideDown UIInterfaceOrientationLandscapeLeft UIInterfaceOrientationLandscapeRight";
				INFOPLIST_KEY_UISupportedInterfaceOrientations_iPhone = "UIInterfaceOrientationPortrait UIInterfaceOrientationLandscapeLeft UIInterfaceOrientationLandscapeRight";
				LD_RUNPATH_SEARCH_PATHS = (
					"$(inherited)",
					"@executable_path/Frameworks",
				);
				MARKETING_VERSION = 1.0;
				PRODUCT_BUNDLE_IDENTIFIER = ozgunaksoy.TinderClone;
				PRODUCT_NAME = "$(TARGET_NAME)";
				SWIFT_EMIT_LOC_STRINGS = YES;
				SWIFT_VERSION = 5.0;
				TARGETED_DEVICE_FAMILY = "1,2";
			};
			name = Release;
		};
/* End XCBuildConfiguration section */

/* Begin XCConfigurationList section */
		F0D5A1562BA0D43900F03105 /* Build configuration list for PBXProject "TinderClone" */ = {
			isa = XCConfigurationList;
			buildConfigurations = (
				F0D5A1672BA0D43A00F03105 /* Debug */,
				F0D5A1682BA0D43A00F03105 /* Release */,
			);
			defaultConfigurationIsVisible = 0;
			defaultConfigurationName = Release;
		};
		F0D5A1692BA0D43A00F03105 /* Build configuration list for PBXNativeTarget "TinderClone" */ = {
			isa = XCConfigurationList;
			buildConfigurations = (
				F0D5A16A2BA0D43A00F03105 /* Debug */,
				F0D5A16B2BA0D43A00F03105 /* Release */,
			);
			defaultConfigurationIsVisible = 0;
			defaultConfigurationName = Release;
		};
/* End XCConfigurationList section */
	};
	rootObject = F0D5A1532BA0D43900F03105 /* Project object */;
}
